
Microsoft Visual Studio Solution File, Format Version 12.00
# Visual Studio Version 17
VisualStudioVersion = 17.0.31903.59
MinimumVisualStudioVersion = 10.0.40219.1
Project("{9A19103F-16F7-4668-BE54-9A1E7A4F7556}") = "InteractiveSelect", "src\InteractiveSelect.csproj", "{CA65370E-B2C8-4EF9-9716-D518DD2C52CB}"
EndProject
Project("{9A19103F-16F7-4668-BE54-9A1E7A4F7556}") = "InteractiveSelect.Tests", "test\InteractiveSelect.Tests.csproj", "{67713D62-F5C3-4FC9-B123-C83E424648E3}"
EndProject
Project("{2150E333-8FDC-42A3-9474-1A3956D46DE8}") = "SolutionItems", "SolutionItems", "{90A14ECE-FEA2-417F-9A04-ACE7AB1801CA}"
	ProjectSection(SolutionItems) = preProject
		Directory.Build.props = Directory.Build.props
		TODO.md = TODO.md
	EndProjectSection
EndProject
Global
	GlobalSection(SolutionConfigurationPlatforms) = preSolution
		Debug|Any CPU = Debug|Any CPU
		Release|Any CPU = Release|Any CPU
	EndGlobalSection
	GlobalSection(ProjectConfigurationPlatforms) = postSolution
		{CA65370E-B2C8-4EF9-9716-D518DD2C52CB}.Debug|Any CPU.ActiveCfg = Debug|Any CPU
		{CA65370E-B2C8-4EF9-9716-D518DD2C52CB}.Debug|Any CPU.Build.0 = Debug|Any CPU
		{CA65370E-B2C8-4EF9-9716-D518DD2C52CB}.Release|Any CPU.ActiveCfg = Release|Any CPU
		{CA65370E-B2C8-4EF9-9716-D518DD2C52CB}.Release|Any CPU.Build.0 = Release|Any CPU
		{67713D62-F5C3-4FC9-B123-C83E424648E3}.Debug|Any CPU.ActiveCfg = Debug|Any CPU
		{67713D62-F5C3-4FC9-B123-C83E424648E3}.Debug|Any CPU.Build.0 = Debug|Any CPU
		{67713D62-F5C3-4FC9-B123-C83E424648E3}.Release|Any CPU.ActiveCfg = Release|Any CPU
		{67713D62-F5C3-4FC9-B123-C83E424648E3}.Release|Any CPU.Build.0 = Release|Any CPU
	EndGlobalSection
	GlobalSection(SolutionProperties) = preSolution
		HideSolutionNode = FALSE
	EndGlobalSection
	GlobalSection(ExtensibilityGlobals) = postSolution
		SolutionGuid = {AC07DEC4-62DB-4229-8F5F-E5383B206794}
	EndGlobalSection
EndGlobal
